
Microsoft Visual Studio Solution File, Format Version 12.00
Project("{FAE04EC0-301F-11D3-BF4B-00C04F79EFBC}") = "ZeissAssessment", "ZeissAssessment\ZeissAssessment.csproj", "{03EBDB8F-5E8A-456E-BD72-9F22E6C83D55}"
EndProject
Global
	GlobalSection(SolutionConfigurationPlatforms) = preSolution
		Debug|Any CPU = Debug|Any CPU
		Release|Any CPU = Release|Any CPU
	EndGlobalSection
	GlobalSection(ProjectConfigurationPlatforms) = postSolution
		{03EBDB8F-5E8A-456E-BD72-9F22E6C83D55}.Debug|Any CPU.ActiveCfg = Debug|Any CPU
		{03EBDB8F-5E8A-456E-BD72-9F22E6C83D55}.Debug|Any CPU.Build.0 = Debug|Any CPU
		{03EBDB8F-5E8A-456E-BD72-9F22E6C83D55}.Release|Any CPU.ActiveCfg = Release|Any CPU
		{03EBDB8F-5E8A-456E-BD72-9F22E6C83D55}.Release|Any CPU.Build.0 = Release|Any CPU
	EndGlobalSection
EndGlobal
